
Microsoft Visual Studio Solution File, Format Version 12.00
Project("{FAE04EC0-301F-11D3-BF4B-00C04F79EFBC}") = "KyleKoozies", "KyleKoozies\KyleKoozies.csproj", "{61ADCE37-6E9D-4273-AB07-A3808BE8D404}"
EndProject
Global
	GlobalSection(SolutionConfigurationPlatforms) = preSolution
		Debug|Any CPU = Debug|Any CPU
		Release|Any CPU = Release|Any CPU
	EndGlobalSection
	GlobalSection(ProjectConfigurationPlatforms) = postSolution
		{61ADCE37-6E9D-4273-AB07-A3808BE8D404}.Debug|Any CPU.ActiveCfg = Debug|Any CPU
		{61ADCE37-6E9D-4273-AB07-A3808BE8D404}.Debug|Any CPU.Build.0 = Debug|Any CPU
		{61ADCE37-6E9D-4273-AB07-A3808BE8D404}.Release|Any CPU.ActiveCfg = Release|Any CPU
		{61ADCE37-6E9D-4273-AB07-A3808BE8D404}.Release|Any CPU.Build.0 = Release|Any CPU
	EndGlobalSection
EndGlobal
